// !$*UTF8*$!
{
	archiveVersion = 1;
	classes = {
	};
	objectVersion = 50;
	objects = {

/* Begin PBXBuildFile section */
		02D075942273059B00D3EACC /* main.c in Sources */ = {isa = PBXBuildFile; fileRef = 02D075932273059B00D3EACC /* main.c */; };
		02D0759D2273066600D3EACC /* Array_gp.c in Sources */ = {isa = PBXBuildFile; fileRef = 02D0759C2273066600D3EACC /* Array_gp.c */; };
		043FFD322273ED5700A82D60 /* Sort.c in Sources */ = {isa = PBXBuildFile; fileRef = 043FFD312273ED5700A82D60 /* Sort.c */; };
/* End PBXBuildFile section */

/* Begin PBXCopyFilesBuildPhase section */
		02D0758E2273059B00D3EACC /* CopyFiles */ = {
			isa = PBXCopyFilesBuildPhase;
			buildActionMask = 2147483647;
			dstPath = /usr/share/man/man1/;
			dstSubfolderSpec = 0;
			files = (
			);
			runOnlyForDeploymentPostprocessing = 1;
		};
/* End PBXCopyFilesBuildPhase section */

/* Begin PBXFileReference section */
		02D075902273059B00D3EACC /* Algorithm-C */ = {isa = PBXFileReference; explicitFileType = "compiled.mach-o.executable"; includeInIndex = 0; path = "Algorithm-C"; sourceTree = BUILT_PRODUCTS_DIR; };
		02D075932273059B00D3EACC /* main.c */ = {isa = PBXFileReference; lastKnownFileType = sourcecode.c.c; path = main.c; sourceTree = "<group>"; };
		02D0759B2273066600D3EACC /* Array_gp.h */ = {isa = PBXFileReference; lastKnownFileType = sourcecode.c.h; path = Array_gp.h; sourceTree = "<group>"; };
		02D0759C2273066600D3EACC /* Array_gp.c */ = {isa = PBXFileReference; lastKnownFileType = sourcecode.c.c; path = Array_gp.c; sourceTree = "<group>"; };
		043FFD302273ED5700A82D60 /* Sort.h */ = {isa = PBXFileReference; lastKnownFileType = sourcecode.c.h; path = Sort.h; sourceTree = "<group>"; };
		043FFD312273ED5700A82D60 /* Sort.c */ = {isa = PBXFileReference; lastKnownFileType = sourcecode.c.c; path = Sort.c; sourceTree = "<group>"; };
/* End PBXFileReference section */

/* Begin PBXFrameworksBuildPhase section */
		02D0758D2273059B00D3EACC /* Frameworks */ = {
			isa = PBXFrameworksBuildPhase;
			buildActionMask = 2147483647;
			files = (
			);
			runOnlyForDeploymentPostprocessing = 0;
		};
/* End PBXFrameworksBuildPhase section */

/* Begin PBXGroup section */
		02D075872273059B00D3EACC = {
			isa = PBXGroup;
			children = (
				02D075922273059B00D3EACC /* Algorithm-C */,
				02D075912273059B00D3EACC /* Products */,
			);
			sourceTree = "<group>";
		};
		02D075912273059B00D3EACC /* Products */ = {
			isa = PBXGroup;
			children = (
				02D075902273059B00D3EACC /* Algorithm-C */,
			);
			name = Products;
			sourceTree = "<group>";
		};
		02D075922273059B00D3EACC /* Algorithm-C */ = {
			isa = PBXGroup;
			children = (
				02D075932273059B00D3EACC /* main.c */,
				043FFD2C2273E9B300A82D60 /* Sort */,
				02D0759A2273064400D3EACC /* Array */,
			);
			path = "Algorithm-C";
			sourceTree = "<group>";
		};
		02D0759A2273064400D3EACC /* Array */ = {
			isa = PBXGroup;
			children = (
				02D0759B2273066600D3EACC /* Array_gp.h */,
				02D0759C2273066600D3EACC /* Array_gp.c */,
			);
			path = Array;
			sourceTree = "<group>";
		};
		043FFD2C2273E9B300A82D60 /* Sort */ = {
			isa = PBXGroup;
			children = (
				043FFD302273ED5700A82D60 /* Sort.h */,
				043FFD312273ED5700A82D60 /* Sort.c */,
			);
			path = Sort;
			sourceTree = "<group>";
		};
/* End PBXGroup section */

/* Begin PBXNativeTarget section */
		02D0758F2273059B00D3EACC /* Algorithm-C */ = {
			isa = PBXNativeTarget;
			buildConfigurationList = 02D075972273059B00D3EACC /* Build configuration list for PBXNativeTarget "Algorithm-C" */;
			buildPhases = (
				02D0758C2273059B00D3EACC /* Sources */,
				02D0758D2273059B00D3EACC /* Frameworks */,
				02D0758E2273059B00D3EACC /* CopyFiles */,
			);
			buildRules = (
			);
			dependencies = (
			);
			name = "Algorithm-C";
			productName = "Algorithm-C";
			productReference = 02D075902273059B00D3EACC /* Algorithm-C */;
			productType = "com.apple.product-type.tool";
		};
/* End PBXNativeTarget section */

/* Begin PBXProject section */
		02D075882273059B00D3EACC /* Project object */ = {
			isa = PBXProject;
			attributes = {
				LastUpgradeCheck = 1010;
				ORGANIZATIONNAME = Giga;
				TargetAttributes = {
					02D0758F2273059B00D3EACC = {
						CreatedOnToolsVersion = 10.1;
					};
				};
			};
			buildConfigurationList = 02D0758B2273059B00D3EACC /* Build configuration list for PBXProject "Algorithm-C" */;
			compatibilityVersion = "Xcode 9.3";
			developmentRegion = en;
			hasScannedForEncodings = 0;
			knownRegions = (
				en,
			);
			mainGroup = 02D075872273059B00D3EACC;
			productRefGroup = 02D075912273059B00D3EACC /* Products */;
			projectDirPath = "";
			projectRoot = "";
			targets = (
				02D0758F2273059B00D3EACC /* Algorithm-C */,
			);
		};
/* End PBXProject section */

/* Begin PBXSourcesBuildPhase section */
		02D0758C2273059B00D3EACC /* Sources */ = {
			isa = PBXSourcesBuildPhase;
			buildActionMask = 2147483647;
			files = (
				02D0759D2273066600D3EACC /* Array_gp.c in Sources */,
				02D075942273059B00D3EACC /* main.c in Sources */,
				043FFD322273ED5700A82D60 /* Sort.c in Sources */,
			);
			runOnlyForDeploymentPostprocessing = 0;
		};
/* End PBXSourcesBuildPhase section */

/* Begin XCBuildConfiguration section */
		02D075952273059B00D3EACC /* Debug */ = {
			isa = XCBuildConfiguration;
			buildSettings = {
				ALWAYS_SEARCH_USER_PATHS = NO;
				CLANG_ANALYZER_NONNULL = YES;
				CLANG_ANALYZER_NUMBER_OBJECT_CONVERSION = YES_AGGRESSIVE;
				CLANG_CXX_LANGUAGE_STANDARD = "gnu++14";
				CLANG_CXX_LIBRARY = "libc++";
				CLANG_ENABLE_MODULES = YES;
				CLANG_ENABLE_OBJC_ARC = YES;
				CLANG_ENABLE_OBJC_WEAK = YES;
				CLANG_WARN_BLOCK_CAPTURE_AUTORELEASING = YES;
				CLANG_WARN_BOOL_CONVERSION = YES;
				CLANG_WARN_COMMA = YES;
				CLANG_WARN_CONSTANT_CONVERSION = YES;
				CLANG_WARN_DEPRECATED_OBJC_IMPLEMENTATIONS = YES;
				CLANG_WARN_DIRECT_OBJC_ISA_USAGE = YES_ERROR;
				CLANG_WARN_DOCUMENTATION_COMMENTS = YES;
				CLANG_WARN_EMPTY_BODY = YES;
				CLANG_WARN_ENUM_CONVERSION = YES;
				CLANG_WARN_INFINITE_RECURSION = YES;
				CLANG_WARN_INT_CONVERSION = YES;
				CLANG_WARN_NON_LITERAL_NULL_CONVERSION = YES;
				CLANG_WARN_OBJC_IMPLICIT_RETAIN_SELF = YES;
				CLANG_WARN_OBJC_LITERAL_CONVERSION = YES;
				CLANG_WARN_OBJC_ROOT_CLASS = YES_ERROR;
				CLANG_WARN_RANGE_LOOP_ANALYSIS = YES;
				CLANG_WARN_STRICT_PROTOTYPES = YES;
				CLANG_WARN_SUSPICIOUS_MOVE = YES;
				CLANG_WARN_UNGUARDED_AVAILABILITY = YES_AGGRESSIVE;
				CLANG_WARN_UNREACHABLE_CODE = YES;
				CLANG_WARN__DUPLICATE_METHOD_MATCH = YES;
				CODE_SIGN_IDENTITY = "Mac Developer";
				COPY_PHASE_STRIP = NO;
				DEBUG_INFORMATION_FORMAT = dwarf;
				ENABLE_STRICT_OBJC_MSGSEND = YES;
				ENABLE_TESTABILITY = YES;
				GCC_C_LANGUAGE_STANDARD = gnu11;
				GCC_DYNAMIC_NO_PIC = NO;
				GCC_NO_COMMON_BLOCKS = YES;
				GCC_OPTIMIZATION_LEVEL = 0;
				GCC_PREPROCESSOR_DEFINITIONS = (
					"DEBUG=1",
					"$(inherited)",
				);
				GCC_WARN_64_TO_32_BIT_CONVERSION = YES;
				GCC_WARN_ABOUT_RETURN_TYPE = YES_ERROR;
				GCC_WARN_UNDECLARED_SELECTOR = YES;
				GCC_WARN_UNINITIALIZED_AUTOS = YES_AGGRESSIVE;
				GCC_WARN_UNUSED_FUNCTION = YES;
				GCC_WARN_UNUSED_VARIABLE = YES;
				MACOSX_DEPLOYMENT_TARGET = 10.14;
				MTL_ENABLE_DEBUG_INFO = INCLUDE_SOURCE;
				MTL_FAST_MATH = YES;
				ONLY_ACTIVE_ARCH = YES;
				SDKROOT = macosx;
			};
			name = Debug;
		};
		02D075962273059B00D3EACC /* Release */ = {
			isa = XCBuildConfiguration;
			buildSettings = {
				ALWAYS_SEARCH_USER_PATHS = NO;
				CLANG_ANALYZER_NONNULL = YES;
				CLANG_ANALYZER_NUMBER_OBJECT_CONVERSION = YES_AGGRESSIVE;
				CLANG_CXX_LANGUAGE_STANDARD = "gnu++14";
				CLANG_CXX_LIBRARY = "libc++";
				CLANG_ENABLE_MODULES = YES;
				CLANG_ENABLE_OBJC_ARC = YES;
				CLANG_ENABLE_OBJC_WEAK = YES;
				CLANG_WARN_BLOCK_CAPTURE_AUTORELEASING = YES;
				CLANG_WARN_BOOL_CONVERSION = YES;
				CLANG_WARN_COMMA = YES;
				CLANG_WARN_CONSTANT_CONVERSION = YES;
				CLANG_WARN_DEPRECATED_OBJC_IMPLEMENTATIONS = YES;
				CLANG_WARN_DIRECT_OBJC_ISA_USAGE = YES_ERROR;
				CLANG_WARN_DOCUMENTATION_COMMENTS = YES;
				CLANG_WARN_EMPTY_BODY = YES;
				CLANG_WARN_ENUM_CONVERSION = YES;
				CLANG_WARN_INFINITE_RECURSION = YES;
				CLANG_WARN_INT_CONVERSION = YES;
				CLANG_WARN_NON_LITERAL_NULL_CONVERSION = YES;
				CLANG_WARN_OBJC_IMPLICIT_RETAIN_SELF = YES;
				CLANG_WARN_OBJC_LITERAL_CONVERSION = YES;
				CLANG_WARN_OBJC_ROOT_CLASS = YES_ERROR;
				CLANG_WARN_RANGE_LOOP_ANALYSIS = YES;
				CLANG_WARN_STRICT_PROTOTYPES = YES;
				CLANG_WARN_SUSPICIOUS_MOVE = YES;
				CLANG_WARN_UNGUARDED_AVAILABILITY = YES_AGGRESSIVE;
				CLANG_WARN_UNREACHABLE_CODE = YES;
				CLANG_WARN__DUPLICATE_METHOD_MATCH = YES;
				CODE_SIGN_IDENTITY = "Mac Developer";
				COPY_PHASE_STRIP = NO;
				DEBUG_INFORMATION_FORMAT = "dwarf-with-dsym";
				ENABLE_NS_ASSERTIONS = NO;
				ENABLE_STRICT_OBJC_MSGSEND = YES;
				GCC_C_LANGUAGE_STANDARD = gnu11;
				GCC_NO_COMMON_BLOCKS = YES;
				GCC_WARN_64_TO_32_BIT_CONVERSION = YES;
				GCC_WARN_ABOUT_RETURN_TYPE = YES_ERROR;
				GCC_WARN_UNDECLARED_SELECTOR = YES;
				GCC_WARN_UNINITIALIZED_AUTOS = YES_AGGRESSIVE;
				GCC_WARN_UNUSED_FUNCTION = YES;
				GCC_WARN_UNUSED_VARIABLE = YES;
				MACOSX_DEPLOYMENT_TARGET = 10.14;
				MTL_ENABLE_DEBUG_INFO = NO;
				MTL_FAST_MATH = YES;
				SDKROOT = macosx;
			};
			name = Release;
		};
		02D075982273059B00D3EACC /* Debug */ = {
			isa = XCBuildConfiguration;
			buildSettings = {
				CODE_SIGN_STYLE = Automatic;
				DEVELOPMENT_TEAM = 7LPWK7MV6D;
				PRODUCT_NAME = "$(TARGET_NAME)";
			};
			name = Debug;
		};
		02D075992273059B00D3EACC /* Release */ = {
			isa = XCBuildConfiguration;
			buildSettings = {
				CODE_SIGN_STYLE = Automatic;
				DEVELOPMENT_TEAM = 7LPWK7MV6D;
				PRODUCT_NAME = "$(TARGET_NAME)";
			};
			name = Release;
		};
/* End XCBuildConfiguration section */

/* Begin XCConfigurationList section */
		02D0758B2273059B00D3EACC /* Build configuration list for PBXProject "Algorithm-C" */ = {
			isa = XCConfigurationList;
			buildConfigurations = (
				02D075952273059B00D3EACC /* Debug */,
				02D075962273059B00D3EACC /* Release */,
			);
			defaultConfigurationIsVisible = 0;
			defaultConfigurationName = Release;
		};
		02D075972273059B00D3EACC /* Build configuration list for PBXNativeTarget "Algorithm-C" */ = {
			isa = XCConfigurationList;
			buildConfigurations = (
				02D075982273059B00D3EACC /* Debug */,
				02D075992273059B00D3EACC /* Release */,
			);
			defaultConfigurationIsVisible = 0;
			defaultConfigurationName = Release;
		};
/* End XCConfigurationList section */
	};
	rootObject = 02D075882273059B00D3EACC /* Project object */;
}
