// !$*UTF8*$!
{
	archiveVersion = 1;
	classes = {
	};
	objectVersion = 50;
	objects = {

/* Begin PBXBuildFile section */
		023EA44E2279D1D800046497 /* LinkList.c in Sources */ = {isa = PBXBuildFile; fileRef = 023EA44D2279D1D800046497 /* LinkList.c */; };
		023EA4522279D22600046497 /* LeetCode_0002.c in Sources */ = {isa = PBXBuildFile; fileRef = 023EA4512279D22600046497 /* LeetCode_0002.c */; };
		023EA4562279E88800046497 /* LinkStack.c in Sources */ = {isa = PBXBuildFile; fileRef = 023EA4552279E88800046497 /* LinkStack.c */; };
		023EA45A227D53F800046497 /* LinkQueue.c in Sources */ = {isa = PBXBuildFile; fileRef = 023EA459227D53F800046497 /* LinkQueue.c */; };
		023EA460227D91E600046497 /* LeetCode_0234.c in Sources */ = {isa = PBXBuildFile; fileRef = 023EA45F227D91E600046497 /* LeetCode_0234.c */; };
		023EA464227D95FB00046497 /* LeetCode_0206.c in Sources */ = {isa = PBXBuildFile; fileRef = 023EA463227D95FB00046497 /* LeetCode_0206.c */; };
		023EA468227D97A800046497 /* LeetCode_0141.c in Sources */ = {isa = PBXBuildFile; fileRef = 023EA467227D97A800046497 /* LeetCode_0141.c */; };
		023EA46C227D995A00046497 /* LeetCode_0021.c in Sources */ = {isa = PBXBuildFile; fileRef = 023EA46B227D995A00046497 /* LeetCode_0021.c */; };
		023EA46F227D9BDD00046497 /* ListTest.c in Sources */ = {isa = PBXBuildFile; fileRef = 023EA46E227D9BDD00046497 /* ListTest.c */; };
		023EA473227D9E1200046497 /* LeetCode_0019.c in Sources */ = {isa = PBXBuildFile; fileRef = 023EA472227D9E1200046497 /* LeetCode_0019.c */; };
		023EA477227DA05500046497 /* LeetCode_0876.c in Sources */ = {isa = PBXBuildFile; fileRef = 023EA476227DA05500046497 /* LeetCode_0876.c */; };
		028EA38722A0E17400FC4EC7 /* ArrayStack.c in Sources */ = {isa = PBXBuildFile; fileRef = 028EA38622A0E17400FC4EC7 /* ArrayStack.c */; };
		028EA38A22A0E75A00FC4EC7 /* ArrayQueue.c in Sources */ = {isa = PBXBuildFile; fileRef = 028EA38922A0E75A00FC4EC7 /* ArrayQueue.c */; };
		029F6E502280053E00670EA3 /* BSearch.c in Sources */ = {isa = PBXBuildFile; fileRef = 029F6E4F2280053E00670EA3 /* BSearch.c */; };
		02D075942273059B00D3EACC /* main.c in Sources */ = {isa = PBXBuildFile; fileRef = 02D075932273059B00D3EACC /* main.c */; };
		02D0759D2273066600D3EACC /* Array_gp.c in Sources */ = {isa = PBXBuildFile; fileRef = 02D0759C2273066600D3EACC /* Array_gp.c */; };
		043FFD322273ED5700A82D60 /* Sort.c in Sources */ = {isa = PBXBuildFile; fileRef = 043FFD312273ED5700A82D60 /* Sort.c */; };
/* End PBXBuildFile section */

/* Begin PBXCopyFilesBuildPhase section */
		02D0758E2273059B00D3EACC /* CopyFiles */ = {
			isa = PBXCopyFilesBuildPhase;
			buildActionMask = 2147483647;
			dstPath = /usr/share/man/man1/;
			dstSubfolderSpec = 0;
			files = (
			);
			runOnlyForDeploymentPostprocessing = 1;
		};
/* End PBXCopyFilesBuildPhase section */

/* Begin PBXFileReference section */
		023EA44C2279D1D800046497 /* LinkList.h */ = {isa = PBXFileReference; lastKnownFileType = sourcecode.c.h; path = LinkList.h; sourceTree = "<group>"; };
		023EA44D2279D1D800046497 /* LinkList.c */ = {isa = PBXFileReference; lastKnownFileType = sourcecode.c.c; path = LinkList.c; sourceTree = "<group>"; };
		023EA4502279D22600046497 /* LeetCode_0002.h */ = {isa = PBXFileReference; lastKnownFileType = sourcecode.c.h; path = LeetCode_0002.h; sourceTree = "<group>"; };
		023EA4512279D22600046497 /* LeetCode_0002.c */ = {isa = PBXFileReference; lastKnownFileType = sourcecode.c.c; path = LeetCode_0002.c; sourceTree = "<group>"; };
		023EA4542279E88800046497 /* LinkStack.h */ = {isa = PBXFileReference; lastKnownFileType = sourcecode.c.h; path = LinkStack.h; sourceTree = "<group>"; };
		023EA4552279E88800046497 /* LinkStack.c */ = {isa = PBXFileReference; lastKnownFileType = sourcecode.c.c; path = LinkStack.c; sourceTree = "<group>"; };
		023EA458227D53F800046497 /* LinkQueue.h */ = {isa = PBXFileReference; lastKnownFileType = sourcecode.c.h; path = LinkQueue.h; sourceTree = "<group>"; };
		023EA459227D53F800046497 /* LinkQueue.c */ = {isa = PBXFileReference; lastKnownFileType = sourcecode.c.c; path = LinkQueue.c; sourceTree = "<group>"; };
		023EA45E227D91E600046497 /* LeetCode_0234.h */ = {isa = PBXFileReference; lastKnownFileType = sourcecode.c.h; path = LeetCode_0234.h; sourceTree = "<group>"; };
		023EA45F227D91E600046497 /* LeetCode_0234.c */ = {isa = PBXFileReference; lastKnownFileType = sourcecode.c.c; path = LeetCode_0234.c; sourceTree = "<group>"; };
		023EA462227D95FB00046497 /* LeetCode_0206.h */ = {isa = PBXFileReference; lastKnownFileType = sourcecode.c.h; path = LeetCode_0206.h; sourceTree = "<group>"; };
		023EA463227D95FB00046497 /* LeetCode_0206.c */ = {isa = PBXFileReference; lastKnownFileType = sourcecode.c.c; path = LeetCode_0206.c; sourceTree = "<group>"; };
		023EA466227D97A800046497 /* LeetCode_0141.h */ = {isa = PBXFileReference; lastKnownFileType = sourcecode.c.h; path = LeetCode_0141.h; sourceTree = "<group>"; };
		023EA467227D97A800046497 /* LeetCode_0141.c */ = {isa = PBXFileReference; lastKnownFileType = sourcecode.c.c; path = LeetCode_0141.c; sourceTree = "<group>"; };
		023EA46A227D995A00046497 /* LeetCode_0021.h */ = {isa = PBXFileReference; lastKnownFileType = sourcecode.c.h; path = LeetCode_0021.h; sourceTree = "<group>"; };
		023EA46B227D995A00046497 /* LeetCode_0021.c */ = {isa = PBXFileReference; lastKnownFileType = sourcecode.c.c; path = LeetCode_0021.c; sourceTree = "<group>"; };
		023EA46D227D9BDD00046497 /* ListTest.h */ = {isa = PBXFileReference; lastKnownFileType = sourcecode.c.h; path = ListTest.h; sourceTree = "<group>"; };
		023EA46E227D9BDD00046497 /* ListTest.c */ = {isa = PBXFileReference; lastKnownFileType = sourcecode.c.c; path = ListTest.c; sourceTree = "<group>"; };
		023EA471227D9E1200046497 /* LeetCode_0019.h */ = {isa = PBXFileReference; lastKnownFileType = sourcecode.c.h; path = LeetCode_0019.h; sourceTree = "<group>"; };
		023EA472227D9E1200046497 /* LeetCode_0019.c */ = {isa = PBXFileReference; lastKnownFileType = sourcecode.c.c; path = LeetCode_0019.c; sourceTree = "<group>"; };
		023EA475227DA05500046497 /* LeetCode_0876.h */ = {isa = PBXFileReference; lastKnownFileType = sourcecode.c.h; path = LeetCode_0876.h; sourceTree = "<group>"; };
		023EA476227DA05500046497 /* LeetCode_0876.c */ = {isa = PBXFileReference; lastKnownFileType = sourcecode.c.c; path = LeetCode_0876.c; sourceTree = "<group>"; };
		028EA38522A0E17400FC4EC7 /* ArrayStack.h */ = {isa = PBXFileReference; lastKnownFileType = sourcecode.c.h; path = ArrayStack.h; sourceTree = "<group>"; };
		028EA38622A0E17400FC4EC7 /* ArrayStack.c */ = {isa = PBXFileReference; lastKnownFileType = sourcecode.c.c; path = ArrayStack.c; sourceTree = "<group>"; };
		028EA38822A0E75A00FC4EC7 /* ArrayQueue.h */ = {isa = PBXFileReference; lastKnownFileType = sourcecode.c.h; path = ArrayQueue.h; sourceTree = "<group>"; };
		028EA38922A0E75A00FC4EC7 /* ArrayQueue.c */ = {isa = PBXFileReference; lastKnownFileType = sourcecode.c.c; path = ArrayQueue.c; sourceTree = "<group>"; };
		029F6E4E2280053E00670EA3 /* BSearch.h */ = {isa = PBXFileReference; lastKnownFileType = sourcecode.c.h; path = BSearch.h; sourceTree = "<group>"; };
		029F6E4F2280053E00670EA3 /* BSearch.c */ = {isa = PBXFileReference; lastKnownFileType = sourcecode.c.c; path = BSearch.c; sourceTree = "<group>"; };
		02D075902273059B00D3EACC /* Algorithm-C */ = {isa = PBXFileReference; explicitFileType = "compiled.mach-o.executable"; includeInIndex = 0; path = "Algorithm-C"; sourceTree = BUILT_PRODUCTS_DIR; };
		02D075932273059B00D3EACC /* main.c */ = {isa = PBXFileReference; lastKnownFileType = sourcecode.c.c; path = main.c; sourceTree = "<group>"; };
		02D0759B2273066600D3EACC /* Array_gp.h */ = {isa = PBXFileReference; lastKnownFileType = sourcecode.c.h; path = Array_gp.h; sourceTree = "<group>"; };
		02D0759C2273066600D3EACC /* Array_gp.c */ = {isa = PBXFileReference; lastKnownFileType = sourcecode.c.c; path = Array_gp.c; sourceTree = "<group>"; };
		043FFD302273ED5700A82D60 /* Sort.h */ = {isa = PBXFileReference; lastKnownFileType = sourcecode.c.h; path = Sort.h; sourceTree = "<group>"; };
		043FFD312273ED5700A82D60 /* Sort.c */ = {isa = PBXFileReference; lastKnownFileType = sourcecode.c.c; path = Sort.c; sourceTree = "<group>"; };
/* End PBXFileReference section */

/* Begin PBXFrameworksBuildPhase section */
		02D0758D2273059B00D3EACC /* Frameworks */ = {
			isa = PBXFrameworksBuildPhase;
			buildActionMask = 2147483647;
			files = (
			);
			runOnlyForDeploymentPostprocessing = 0;
		};
/* End PBXFrameworksBuildPhase section */

/* Begin PBXGroup section */
		023EA44F2279D20100046497 /* LinkList */ = {
			isa = PBXGroup;
			children = (
				023EA44C2279D1D800046497 /* LinkList.h */,
				023EA44D2279D1D800046497 /* LinkList.c */,
				023EA46D227D9BDD00046497 /* ListTest.h */,
				023EA46E227D9BDD00046497 /* ListTest.c */,
				023EA474227DA04500046497 /* LeetCode_0876 */,
				023EA470227D9DFA00046497 /* LeetCode_0019 */,
				023EA469227D994E00046497 /* LeetCode_0021 */,
				023EA465227D979D00046497 /* LeetCode_0141 */,
				023EA461227D95F000046497 /* LeetCode_0206 */,
				023EA45B227D91C100046497 /* LeetCode_0002 */,
				023EA45D227D91DA00046497 /* LeetCode_0234 */,
			);
			path = LinkList;
			sourceTree = "<group>";
		};
		023EA4532279E73800046497 /* Stack */ = {
			isa = PBXGroup;
			children = (
				028EA38522A0E17400FC4EC7 /* ArrayStack.h */,
				028EA38622A0E17400FC4EC7 /* ArrayStack.c */,
				023EA4542279E88800046497 /* LinkStack.h */,
				023EA4552279E88800046497 /* LinkStack.c */,
			);
			path = Stack;
			sourceTree = "<group>";
		};
		023EA457227D53E700046497 /* Queue */ = {
			isa = PBXGroup;
			children = (
				023EA458227D53F800046497 /* LinkQueue.h */,
				023EA459227D53F800046497 /* LinkQueue.c */,
				028EA38822A0E75A00FC4EC7 /* ArrayQueue.h */,
				028EA38922A0E75A00FC4EC7 /* ArrayQueue.c */,
			);
			path = Queue;
			sourceTree = "<group>";
		};
		023EA45B227D91C100046497 /* LeetCode_0002 */ = {
			isa = PBXGroup;
			children = (
				023EA4502279D22600046497 /* LeetCode_0002.h */,
				023EA4512279D22600046497 /* LeetCode_0002.c */,
			);
			path = LeetCode_0002;
			sourceTree = "<group>";
		};
		023EA45C227D91CB00046497 /* Search */ = {
			isa = PBXGroup;
			children = (
				029F6E4E2280053E00670EA3 /* BSearch.h */,
				029F6E4F2280053E00670EA3 /* BSearch.c */,
			);
			path = Search;
			sourceTree = "<group>";
		};
		023EA45D227D91DA00046497 /* LeetCode_0234 */ = {
			isa = PBXGroup;
			children = (
				023EA45E227D91E600046497 /* LeetCode_0234.h */,
				023EA45F227D91E600046497 /* LeetCode_0234.c */,
			);
			path = LeetCode_0234;
			sourceTree = "<group>";
		};
		023EA461227D95F000046497 /* LeetCode_0206 */ = {
			isa = PBXGroup;
			children = (
				023EA462227D95FB00046497 /* LeetCode_0206.h */,
				023EA463227D95FB00046497 /* LeetCode_0206.c */,
			);
			path = LeetCode_0206;
			sourceTree = "<group>";
		};
		023EA465227D979D00046497 /* LeetCode_0141 */ = {
			isa = PBXGroup;
			children = (
				023EA466227D97A800046497 /* LeetCode_0141.h */,
				023EA467227D97A800046497 /* LeetCode_0141.c */,
			);
			path = LeetCode_0141;
			sourceTree = "<group>";
		};
		023EA469227D994E00046497 /* LeetCode_0021 */ = {
			isa = PBXGroup;
			children = (
				023EA46A227D995A00046497 /* LeetCode_0021.h */,
				023EA46B227D995A00046497 /* LeetCode_0021.c */,
			);
			path = LeetCode_0021;
			sourceTree = "<group>";
		};
		023EA470227D9DFA00046497 /* LeetCode_0019 */ = {
			isa = PBXGroup;
			children = (
				023EA471227D9E1200046497 /* LeetCode_0019.h */,
				023EA472227D9E1200046497 /* LeetCode_0019.c */,
			);
			path = LeetCode_0019;
			sourceTree = "<group>";
		};
		023EA474227DA04500046497 /* LeetCode_0876 */ = {
			isa = PBXGroup;
			children = (
				023EA475227DA05500046497 /* LeetCode_0876.h */,
				023EA476227DA05500046497 /* LeetCode_0876.c */,
			);
			path = LeetCode_0876;
			sourceTree = "<group>";
		};
		02D075872273059B00D3EACC = {
			isa = PBXGroup;
			children = (
				02D075922273059B00D3EACC /* Algorithm-C */,
				02D075912273059B00D3EACC /* Products */,
			);
			sourceTree = "<group>";
		};
		02D075912273059B00D3EACC /* Products */ = {
			isa = PBXGroup;
			children = (
				02D075902273059B00D3EACC /* Algorithm-C */,
			);
			name = Products;
			sourceTree = "<group>";
		};
		02D075922273059B00D3EACC /* Algorithm-C */ = {
			isa = PBXGroup;
			children = (
				02D075932273059B00D3EACC /* main.c */,
				023EA45C227D91CB00046497 /* Search */,
				023EA457227D53E700046497 /* Queue */,
				023EA4532279E73800046497 /* Stack */,
				023EA44F2279D20100046497 /* LinkList */,
				043FFD2C2273E9B300A82D60 /* Sort */,
				02D0759A2273064400D3EACC /* Array */,
			);
			path = "Algorithm-C";
			sourceTree = "<group>";
		};
		02D0759A2273064400D3EACC /* Array */ = {
			isa = PBXGroup;
			children = (
				02D0759B2273066600D3EACC /* Array_gp.h */,
				02D0759C2273066600D3EACC /* Array_gp.c */,
			);
			path = Array;
			sourceTree = "<group>";
		};
		043FFD2C2273E9B300A82D60 /* Sort */ = {
			isa = PBXGroup;
			children = (
				043FFD302273ED5700A82D60 /* Sort.h */,
				043FFD312273ED5700A82D60 /* Sort.c */,
			);
			path = Sort;
			sourceTree = "<group>";
		};
/* End PBXGroup section */

/* Begin PBXNativeTarget section */
		02D0758F2273059B00D3EACC /* Algorithm-C */ = {
			isa = PBXNativeTarget;
			buildConfigurationList = 02D075972273059B00D3EACC /* Build configuration list for PBXNativeTarget "Algorithm-C" */;
			buildPhases = (
				02D0758C2273059B00D3EACC /* Sources */,
				02D0758D2273059B00D3EACC /* Frameworks */,
				02D0758E2273059B00D3EACC /* CopyFiles */,
			);
			buildRules = (
			);
			dependencies = (
			);
			name = "Algorithm-C";
			productName = "Algorithm-C";
			productReference = 02D075902273059B00D3EACC /* Algorithm-C */;
			productType = "com.apple.product-type.tool";
		};
/* End PBXNativeTarget section */

/* Begin PBXProject section */
		02D075882273059B00D3EACC /* Project object */ = {
			isa = PBXProject;
			attributes = {
				LastUpgradeCheck = 1010;
				ORGANIZATIONNAME = Giga;
				TargetAttributes = {
					02D0758F2273059B00D3EACC = {
						CreatedOnToolsVersion = 10.1;
					};
				};
			};
			buildConfigurationList = 02D0758B2273059B00D3EACC /* Build configuration list for PBXProject "Algorithm-C" */;
			compatibilityVersion = "Xcode 9.3";
			developmentRegion = en;
			hasScannedForEncodings = 0;
			knownRegions = (
				en,
			);
			mainGroup = 02D075872273059B00D3EACC;
			productRefGroup = 02D075912273059B00D3EACC /* Products */;
			projectDirPath = "";
			projectRoot = "";
			targets = (
				02D0758F2273059B00D3EACC /* Algorithm-C */,
			);
		};
/* End PBXProject section */

/* Begin PBXSourcesBuildPhase section */
		02D0758C2273059B00D3EACC /* Sources */ = {
			isa = PBXSourcesBuildPhase;
			buildActionMask = 2147483647;
			files = (
				02D0759D2273066600D3EACC /* Array_gp.c in Sources */,
				028EA38722A0E17400FC4EC7 /* ArrayStack.c in Sources */,
				023EA44E2279D1D800046497 /* LinkList.c in Sources */,
				023EA473227D9E1200046497 /* LeetCode_0019.c in Sources */,
				023EA4562279E88800046497 /* LinkStack.c in Sources */,
				023EA46F227D9BDD00046497 /* ListTest.c in Sources */,
				023EA4522279D22600046497 /* LeetCode_0002.c in Sources */,
				023EA45A227D53F800046497 /* LinkQueue.c in Sources */,
				023EA46C227D995A00046497 /* LeetCode_0021.c in Sources */,
				023EA460227D91E600046497 /* LeetCode_0234.c in Sources */,
				023EA477227DA05500046497 /* LeetCode_0876.c in Sources */,
				023EA464227D95FB00046497 /* LeetCode_0206.c in Sources */,
				02D075942273059B00D3EACC /* main.c in Sources */,
				028EA38A22A0E75A00FC4EC7 /* ArrayQueue.c in Sources */,
				023EA468227D97A800046497 /* LeetCode_0141.c in Sources */,
				029F6E502280053E00670EA3 /* BSearch.c in Sources */,
				043FFD322273ED5700A82D60 /* Sort.c in Sources */,
			);
			runOnlyForDeploymentPostprocessing = 0;
		};
/* End PBXSourcesBuildPhase section */

/* Begin XCBuildConfiguration section */
		02D075952273059B00D3EACC /* Debug */ = {
			isa = XCBuildConfiguration;
			buildSettings = {
				ALWAYS_SEARCH_USER_PATHS = NO;
				CLANG_ANALYZER_NONNULL = YES;
				CLANG_ANALYZER_NUMBER_OBJECT_CONVERSION = YES_AGGRESSIVE;
				CLANG_CXX_LANGUAGE_STANDARD = "gnu++14";
				CLANG_CXX_LIBRARY = "libc++";
				CLANG_ENABLE_MODULES = YES;
				CLANG_ENABLE_OBJC_ARC = YES;
				CLANG_ENABLE_OBJC_WEAK = YES;
				CLANG_WARN_BLOCK_CAPTURE_AUTORELEASING = YES;
				CLANG_WARN_BOOL_CONVERSION = YES;
				CLANG_WARN_COMMA = YES;
				CLANG_WARN_CONSTANT_CONVERSION = YES;
				CLANG_WARN_DEPRECATED_OBJC_IMPLEMENTATIONS = YES;
				CLANG_WARN_DIRECT_OBJC_ISA_USAGE = YES_ERROR;
				CLANG_WARN_DOCUMENTATION_COMMENTS = YES;
				CLANG_WARN_EMPTY_BODY = YES;
				CLANG_WARN_ENUM_CONVERSION = YES;
				CLANG_WARN_INFINITE_RECURSION = YES;
				CLANG_WARN_INT_CONVERSION = YES;
				CLANG_WARN_NON_LITERAL_NULL_CONVERSION = YES;
				CLANG_WARN_OBJC_IMPLICIT_RETAIN_SELF = YES;
				CLANG_WARN_OBJC_LITERAL_CONVERSION = YES;
				CLANG_WARN_OBJC_ROOT_CLASS = YES_ERROR;
				CLANG_WARN_RANGE_LOOP_ANALYSIS = YES;
				CLANG_WARN_STRICT_PROTOTYPES = YES;
				CLANG_WARN_SUSPICIOUS_MOVE = YES;
				CLANG_WARN_UNGUARDED_AVAILABILITY = YES_AGGRESSIVE;
				CLANG_WARN_UNREACHABLE_CODE = YES;
				CLANG_WARN__DUPLICATE_METHOD_MATCH = YES;
				CODE_SIGN_IDENTITY = "Mac Developer";
				COPY_PHASE_STRIP = NO;
				DEBUG_INFORMATION_FORMAT = dwarf;
				ENABLE_STRICT_OBJC_MSGSEND = YES;
				ENABLE_TESTABILITY = YES;
				GCC_C_LANGUAGE_STANDARD = gnu11;
				GCC_DYNAMIC_NO_PIC = NO;
				GCC_NO_COMMON_BLOCKS = YES;
				GCC_OPTIMIZATION_LEVEL = 0;
				GCC_PREPROCESSOR_DEFINITIONS = (
					"DEBUG=1",
					"$(inherited)",
				);
				GCC_WARN_64_TO_32_BIT_CONVERSION = YES;
				GCC_WARN_ABOUT_RETURN_TYPE = YES_ERROR;
				GCC_WARN_UNDECLARED_SELECTOR = YES;
				GCC_WARN_UNINITIALIZED_AUTOS = YES_AGGRESSIVE;
				GCC_WARN_UNUSED_FUNCTION = YES;
				GCC_WARN_UNUSED_VARIABLE = YES;
				MACOSX_DEPLOYMENT_TARGET = 10.14;
				MTL_ENABLE_DEBUG_INFO = INCLUDE_SOURCE;
				MTL_FAST_MATH = YES;
				ONLY_ACTIVE_ARCH = YES;
				SDKROOT = macosx;
			};
			name = Debug;
		};
		02D075962273059B00D3EACC /* Release */ = {
			isa = XCBuildConfiguration;
			buildSettings = {
				ALWAYS_SEARCH_USER_PATHS = NO;
				CLANG_ANALYZER_NONNULL = YES;
				CLANG_ANALYZER_NUMBER_OBJECT_CONVERSION = YES_AGGRESSIVE;
				CLANG_CXX_LANGUAGE_STANDARD = "gnu++14";
				CLANG_CXX_LIBRARY = "libc++";
				CLANG_ENABLE_MODULES = YES;
				CLANG_ENABLE_OBJC_ARC = YES;
				CLANG_ENABLE_OBJC_WEAK = YES;
				CLANG_WARN_BLOCK_CAPTURE_AUTORELEASING = YES;
				CLANG_WARN_BOOL_CONVERSION = YES;
				CLANG_WARN_COMMA = YES;
				CLANG_WARN_CONSTANT_CONVERSION = YES;
				CLANG_WARN_DEPRECATED_OBJC_IMPLEMENTATIONS = YES;
				CLANG_WARN_DIRECT_OBJC_ISA_USAGE = YES_ERROR;
				CLANG_WARN_DOCUMENTATION_COMMENTS = YES;
				CLANG_WARN_EMPTY_BODY = YES;
				CLANG_WARN_ENUM_CONVERSION = YES;
				CLANG_WARN_INFINITE_RECURSION = YES;
				CLANG_WARN_INT_CONVERSION = YES;
				CLANG_WARN_NON_LITERAL_NULL_CONVERSION = YES;
				CLANG_WARN_OBJC_IMPLICIT_RETAIN_SELF = YES;
				CLANG_WARN_OBJC_LITERAL_CONVERSION = YES;
				CLANG_WARN_OBJC_ROOT_CLASS = YES_ERROR;
				CLANG_WARN_RANGE_LOOP_ANALYSIS = YES;
				CLANG_WARN_STRICT_PROTOTYPES = YES;
				CLANG_WARN_SUSPICIOUS_MOVE = YES;
				CLANG_WARN_UNGUARDED_AVAILABILITY = YES_AGGRESSIVE;
				CLANG_WARN_UNREACHABLE_CODE = YES;
				CLANG_WARN__DUPLICATE_METHOD_MATCH = YES;
				CODE_SIGN_IDENTITY = "Mac Developer";
				COPY_PHASE_STRIP = NO;
				DEBUG_INFORMATION_FORMAT = "dwarf-with-dsym";
				ENABLE_NS_ASSERTIONS = NO;
				ENABLE_STRICT_OBJC_MSGSEND = YES;
				GCC_C_LANGUAGE_STANDARD = gnu11;
				GCC_NO_COMMON_BLOCKS = YES;
				GCC_WARN_64_TO_32_BIT_CONVERSION = YES;
				GCC_WARN_ABOUT_RETURN_TYPE = YES_ERROR;
				GCC_WARN_UNDECLARED_SELECTOR = YES;
				GCC_WARN_UNINITIALIZED_AUTOS = YES_AGGRESSIVE;
				GCC_WARN_UNUSED_FUNCTION = YES;
				GCC_WARN_UNUSED_VARIABLE = YES;
				MACOSX_DEPLOYMENT_TARGET = 10.14;
				MTL_ENABLE_DEBUG_INFO = NO;
				MTL_FAST_MATH = YES;
				SDKROOT = macosx;
			};
			name = Release;
		};
		02D075982273059B00D3EACC /* Debug */ = {
			isa = XCBuildConfiguration;
			buildSettings = {
				CODE_SIGN_STYLE = Automatic;
				DEVELOPMENT_TEAM = 7LPWK7MV6D;
				PRODUCT_NAME = "$(TARGET_NAME)";
			};
			name = Debug;
		};
		02D075992273059B00D3EACC /* Release */ = {
			isa = XCBuildConfiguration;
			buildSettings = {
				CODE_SIGN_STYLE = Automatic;
				DEVELOPMENT_TEAM = 7LPWK7MV6D;
				PRODUCT_NAME = "$(TARGET_NAME)";
			};
			name = Release;
		};
/* End XCBuildConfiguration section */

/* Begin XCConfigurationList section */
		02D0758B2273059B00D3EACC /* Build configuration list for PBXProject "Algorithm-C" */ = {
			isa = XCConfigurationList;
			buildConfigurations = (
				02D075952273059B00D3EACC /* Debug */,
				02D075962273059B00D3EACC /* Release */,
			);
			defaultConfigurationIsVisible = 0;
			defaultConfigurationName = Release;
		};
		02D075972273059B00D3EACC /* Build configuration list for PBXNativeTarget "Algorithm-C" */ = {
			isa = XCConfigurationList;
			buildConfigurations = (
				02D075982273059B00D3EACC /* Debug */,
				02D075992273059B00D3EACC /* Release */,
			);
			defaultConfigurationIsVisible = 0;
			defaultConfigurationName = Release;
		};
/* End XCConfigurationList section */
	};
	rootObject = 02D075882273059B00D3EACC /* Project object */;
}
